
Microsoft Visual Studio Solution File, Format Version 12.00
# Visual Studio 14
VisualStudioVersion = 14.0.25123.0
MinimumVisualStudioVersion = 10.0.40219.1
Project("{FAE04EC0-301F-11D3-BF4B-00C04F79EFBC}") = "MCTS_Mod", "MCTS_Mod\MCTS_Mod.csproj", "{D8898E05-A03C-417B-A4EB-49340008FCFA}"
EndProject
Project("{2150E333-8FDC-42A3-9474-1A3956D46DE8}") = "Solution Items", "Solution Items", "{BBBCCDC4-4F2B-4D67-8830-C8B3171D0E51}"
	ProjectSection(SolutionItems) = preProject
		Performance1.psess = Performance1.psess
	EndProjectSection
EndProject
Global
	GlobalSection(SolutionConfigurationPlatforms) = preSolution
		Debug|Any CPU = Debug|Any CPU
		Release|Any CPU = Release|Any CPU
	EndGlobalSection
	GlobalSection(ProjectConfigurationPlatforms) = postSolution
		{D8898E05-A03C-417B-A4EB-49340008FCFA}.Debug|Any CPU.ActiveCfg = Debug|Any CPU
		{D8898E05-A03C-417B-A4EB-49340008FCFA}.Debug|Any CPU.Build.0 = Debug|Any CPU
		{D8898E05-A03C-417B-A4EB-49340008FCFA}.Release|Any CPU.ActiveCfg = Release|Any CPU
		{D8898E05-A03C-417B-A4EB-49340008FCFA}.Release|Any CPU.Build.0 = Release|Any CPU
	EndGlobalSection
	GlobalSection(SolutionProperties) = preSolution
		HideSolutionNode = FALSE
	EndGlobalSection
EndGlobal
